// !$*UTF8*$!
{
	archiveVersion = 1;
	classes = {
	};
	objectVersion = 77;
	objects = {

/* Begin PBXBuildFile section */
		06B72E8E2BF39BD226EECFFA /* LaunchScreen.storyboard in Resources */ = {isa = PBXBuildFile; fileRef = 028E64E6E44E37D7C2B3917E /* LaunchScreen.storyboard */; };
		0709E763141B0AC81C6F539C /* TickerService.swift in Sources */ = {isa = PBXBuildFile; fileRef = AEFA8A3272CD6E5A98269CD1 /* TickerService.swift */; };
		082B4050FBB4C3D6909716D5 /* ShareExtension.appex in Embed Foundation Extensions */ = {isa = PBXBuildFile; fileRef = 7C68C52348552E84F46A7CC0 /* ShareExtension.appex */; settings = {ATTRIBUTES = (RemoveHeadersOnCopy, ); }; };
		10923250EEBFDDC343344B44 /* PrivacyInfo.xcprivacy in Resources */ = {isa = PBXBuildFile; fileRef = C866C6839D8EA7D60886B140 /* PrivacyInfo.xcprivacy */; };
		1512B4D80392015A10F10530 /* Enums.swift in Sources */ = {isa = PBXBuildFile; fileRef = B9F31846EDB77120AA75BE99 /* Enums.swift */; };
		1A076EE388023DE20D36D0E0 /* OCRService.swift in Sources */ = {isa = PBXBuildFile; fileRef = EE0366D7D7C4C444F720204B /* OCRService.swift */; };
		1F79412E61F74C6EAAEF5EFD /* SharedContainer.swift in Sources */ = {isa = PBXBuildFile; fileRef = 83BF252B09739BB22E92736A /* SharedContainer.swift */; };
		2BDA92D29C0B82CF40674D44 /* ShareInboxProcessor.swift in Sources */ = {isa = PBXBuildFile; fileRef = F448FE6503D1786BEDBF2C2B /* ShareInboxProcessor.swift */; };
		2E13240931931584BD2201A4 /* TaggingService.swift in Sources */ = {isa = PBXBuildFile; fileRef = F774B2793FC2EF7B5A869964 /* TaggingService.swift */; };
		3987B39390610AF608248867 /* ScreenshotRollApp.swift in Sources */ = {isa = PBXBuildFile; fileRef = 0B716690A2EE5DA2154EBE03 /* ScreenshotRollApp.swift */; };
		3AFAF6EF0D6AFAE71027F6DE /* ScreenshotRollV2Paths.swift in Sources */ = {isa = PBXBuildFile; fileRef = FABA7556E5A17E3BD997F5B8 /* ScreenshotRollV2Paths.swift */; };
		3D2707E62E24891C2828CAAA /* LibraryStore.swift in Sources */ = {isa = PBXBuildFile; fileRef = 6D5BD28AF6A8898D5ACFDD25 /* LibraryStore.swift */; };
		4421116F41FA0E908D6B6619 /* Logging.swift in Sources */ = {isa = PBXBuildFile; fileRef = 60FFA7D66986BB121F9704D4 /* Logging.swift */; };
		4599A903B34FB68DA64D3D9F /* AIExportService.swift in Sources */ = {isa = PBXBuildFile; fileRef = 255E3678CE1681E552232969 /* AIExportService.swift */; };
		509959F67177E00D0D6DDEAD /* LocalImageViews.swift in Sources */ = {isa = PBXBuildFile; fileRef = A2908F959D49F25AE3070431 /* LocalImageViews.swift */; };
		532D81639B30959A831067CB /* PrivacyInfo.xcprivacy in Resources */ = {isa = PBXBuildFile; fileRef = CAC17525342EEA0902560CF5 /* PrivacyInfo.xcprivacy */; };
		5561CF8B0AC18F21C5C7F933 /* DatabaseService.swift in Sources */ = {isa = PBXBuildFile; fileRef = F3C77BDAB0309431602E0E98 /* DatabaseService.swift */; };
		5D2BBA5D5F2EB07327A509E5 /* BackgroundTaskService.swift in Sources */ = {isa = PBXBuildFile; fileRef = F72308DF5026CBBD0AEC9F28 /* BackgroundTaskService.swift */; };
		61D2ACDCD2BCE72998422FF4 /* DetailView.swift in Sources */ = {isa = PBXBuildFile; fileRef = CAB8E7773F816F69D5C09F56 /* DetailView.swift */; };
		61D3ABE76BD9A98F980F6858 /* LibraryView.swift in Sources */ = {isa = PBXBuildFile; fileRef = 5E65F66D2CD03E8A1FDBBAD2 /* LibraryView.swift */; };
		6D0C4E860BED172A9FBDD111 /* SharedContainer.swift in Sources */ = {isa = PBXBuildFile; fileRef = 83BF252B09739BB22E92736A /* SharedContainer.swift */; };
		70845366D3DED18B6F39FD6C /* ContentClassifier.swift in Sources */ = {isa = PBXBuildFile; fileRef = 5A88821D92142B4F2D2C56C0 /* ContentClassifier.swift */; };
		772480740FC8858548D0BFE6 /* OnboardingView.swift in Sources */ = {isa = PBXBuildFile; fileRef = 78E9DA9BAA8AE5D8B4872D66 /* OnboardingView.swift */; };
		77DDDB07F6B53090AE36100D /* ScreenshotRollV2LibraryViewModel.swift in Sources */ = {isa = PBXBuildFile; fileRef = 0D464DBAFD253AAB925102C7 /* ScreenshotRollV2LibraryViewModel.swift */; };
		7F3274B5DFC0F2913852F0AF /* HashingService.swift in Sources */ = {isa = PBXBuildFile; fileRef = 728B4795AC365321697748F6 /* HashingService.swift */; };
		7FD8D9743B3C9C12282390BF /* Asset.swift in Sources */ = {isa = PBXBuildFile; fileRef = ABC9546ACB423D158AFCD9D3 /* Asset.swift */; };
		81B1798A7B787207278250EC /* PrivacyInfo.xcprivacy in Resources */ = {isa = PBXBuildFile; fileRef = 8B15FE7159CD429284AFA9C5 /* PrivacyInfo.xcprivacy */; };
		83BD97CD203CFA9262CD4CB4 /* SmartCollectionsView.swift in Sources */ = {isa = PBXBuildFile; fileRef = C6273104A367BA4168417C92 /* SmartCollectionsView.swift */; };
		86F0AA2946971343405996C1 /* StorePaywallView.swift in Sources */ = {isa = PBXBuildFile; fileRef = 4E9F665D390F9365D2418146 /* StorePaywallView.swift */; };
		87EFCB76CF276A3F4232B41A /* NavigationExtensions.swift in Sources */ = {isa = PBXBuildFile; fileRef = 72068BD044140AE141F188BB /* NavigationExtensions.swift */; };
		8EEFD037FE17936B37B6E379 /* ActionExtractionService.swift in Sources */ = {isa = PBXBuildFile; fileRef = 651BDE68A4DA602FFFF4F804 /* ActionExtractionService.swift */; };
		92C3B24FE9D776C8C092114C /* ScreenshotRollV2DetailScreen.swift in Sources */ = {isa = PBXBuildFile; fileRef = 784321771E7C2E73795C579A /* ScreenshotRollV2DetailScreen.swift */; };
		96FE9E96EB6B2A4A2FC52B53 /* ScreenshotInboxStore.swift in Sources */ = {isa = PBXBuildFile; fileRef = 8C0D4585AB6D37D36D766499 /* ScreenshotInboxStore.swift */; };
		9727CEF72A25438719DF09A3 /* StoreService.swift in Sources */ = {isa = PBXBuildFile; fileRef = BA2DDECF8D43CD90C58275EE /* StoreService.swift */; };
		99C22D339701266381E70A80 /* PhotoPickerHelpers.swift in Sources */ = {isa = PBXBuildFile; fileRef = 34F39B4EB0E7E4A4E88235D3 /* PhotoPickerHelpers.swift */; };
		9AAF5CF51CA3E51E698F86EC /* ImportPipeline.swift in Sources */ = {isa = PBXBuildFile; fileRef = 2551F99FE1BAB925BDDF6EDF /* ImportPipeline.swift */; };
		9B202054A22DD8FEE9C03A53 /* libsqlite3.tbd in Frameworks */ = {isa = PBXBuildFile; fileRef = B265A73FC86532729EFB6735 /* libsqlite3.tbd */; };
		A1342F5604F532BBD9837DB2 /* ScreenshotItem.swift in Sources */ = {isa = PBXBuildFile; fileRef = 9203ACA2353F5CB8077ECB88 /* ScreenshotItem.swift */; };
		A2F70FB5C0BF68E969B24235 /* ContentType.swift in Sources */ = {isa = PBXBuildFile; fileRef = 8647C9BB095EDD2D5D696978 /* ContentType.swift */; };
		A6051C890C158A45FFB5890F /* ScreenshotClassifier.swift in Sources */ = {isa = PBXBuildFile; fileRef = 3E9B41973667F1AC2A21C789 /* ScreenshotClassifier.swift */; };
		A7C7F32D7EA746FDFEE80C64 /* LibraryViewModel.swift in Sources */ = {isa = PBXBuildFile; fileRef = CB6536C53C4FF6CBCFC944C8 /* LibraryViewModel.swift */; };
		A986B8EC438DDAC93597E48F /* ImageFingerprint.swift in Sources */ = {isa = PBXBuildFile; fileRef = 046A085C3DE49FB8C6A8EE77 /* ImageFingerprint.swift */; };
		AA4C485FDF5E2F474D69BCA3 /* Accessible.swift in Sources */ = {isa = PBXBuildFile; fileRef = 95099FFCE2F795B64EEA6EF2 /* Accessible.swift */; };
		AFCAB8270CE2A0D2D2B8B8A8 /* ScreenshotCategory.swift in Sources */ = {isa = PBXBuildFile; fileRef = 1238992107E7FEB3D6F3C0C8 /* ScreenshotCategory.swift */; };
		AFDE5A3F12E43A021C2E6C71 /* OCRClient.swift in Sources */ = {isa = PBXBuildFile; fileRef = 887C9FEE475B0FC1D4C669E7 /* OCRClient.swift */; };
		B800D20B131E0AE6600AC27C /* Assets.xcassets in Resources */ = {isa = PBXBuildFile; fileRef = D31C66CEC0DDB9FAA1F85EFF /* Assets.xcassets */; };
		BF7533A619364B7729BED75E /* ImportService.swift in Sources */ = {isa = PBXBuildFile; fileRef = F325D545B5282CDAC8D0DCB2 /* ImportService.swift */; };
		CCB597B9EE7CC1BE95D3E3A2 /* OCRTextView.swift in Sources */ = {isa = PBXBuildFile; fileRef = 9D6FD5C4709F5CE85FE995EF /* OCRTextView.swift */; };
		CF631FDE486B2DC85F5AD0B2 /* ScreenshotRollV2LibraryScreen.swift in Sources */ = {isa = PBXBuildFile; fileRef = BD69B052043086029E9DB3E3 /* ScreenshotRollV2LibraryScreen.swift */; };
		D1282A892AFA737E5CDD60BB /* ScreenshotInboxStore.swift in Sources */ = {isa = PBXBuildFile; fileRef = 8C0D4585AB6D37D36D766499 /* ScreenshotInboxStore.swift */; };
		D4A00DDB334A49C55B77B6B6 /* Assets.xcassets in Resources */ = {isa = PBXBuildFile; fileRef = D31C66CEC0DDB9FAA1F85EFF /* Assets.xcassets */; };
		DA7C62F235D63A21509F169A /* KnowledgeGraphService.swift in Sources */ = {isa = PBXBuildFile; fileRef = 5B33FA05D8AB03D90B422193 /* KnowledgeGraphService.swift */; };
		E1B22ACA586CA2B91F80411B /* SettingsView.swift in Sources */ = {isa = PBXBuildFile; fileRef = 62D57036D544C5B62EA456F7 /* SettingsView.swift */; };
		E56B2A19E98031156453DD0D /* ShareViewController.swift in Sources */ = {isa = PBXBuildFile; fileRef = D8AB7B081495757DD0C6F48E /* ShareViewController.swift */; };
		EF16DA6C785DD091CA6872DE /* ScreenshotRollV2App.swift in Sources */ = {isa = PBXBuildFile; fileRef = 4666B6E1A1732252F82036EC /* ScreenshotRollV2App.swift */; };
		F18A342E54954FBD127B23BA /* IndexingService.swift in Sources */ = {isa = PBXBuildFile; fileRef = 3DBF80AC01F4B26866B6B56F /* IndexingService.swift */; };
		F7AF662B879F9294232C1A2C /* LaunchScreen.storyboard in Resources */ = {isa = PBXBuildFile; fileRef = 028E64E6E44E37D7C2B3917E /* LaunchScreen.storyboard */; };
/* End PBXBuildFile section */

/* Begin PBXContainerItemProxy section */
		82CD73B808C2B8823DDF8DB0 /* PBXContainerItemProxy */ = {
			isa = PBXContainerItemProxy;
			containerPortal = EF2975BDD179F48C776C0305 /* Project object */;
			proxyType = 1;
			remoteGlobalIDString = DA2B694140690ADD93C7E245;
			remoteInfo = ShareExtension;
		};
/* End PBXContainerItemProxy section */

/* Begin PBXCopyFilesBuildPhase section */
		602E4A9F1DBD6941B0A5A01B /* Embed Foundation Extensions */ = {
			isa = PBXCopyFilesBuildPhase;
			buildActionMask = 2147483647;
			dstPath = "";
			dstSubfolderSpec = 13;
			files = (
				082B4050FBB4C3D6909716D5 /* ShareExtension.appex in Embed Foundation Extensions */,
			);
			name = "Embed Foundation Extensions";
			runOnlyForDeploymentPostprocessing = 0;
		};
/* End PBXCopyFilesBuildPhase section */

/* Begin PBXFileReference section */
		028E64E6E44E37D7C2B3917E /* LaunchScreen.storyboard */ = {isa = PBXFileReference; lastKnownFileType = file.storyboard; path = LaunchScreen.storyboard; sourceTree = "<group>"; };
		046A085C3DE49FB8C6A8EE77 /* ImageFingerprint.swift */ = {isa = PBXFileReference; lastKnownFileType = sourcecode.swift; path = ImageFingerprint.swift; sourceTree = "<group>"; };
		0B716690A2EE5DA2154EBE03 /* ScreenshotRollApp.swift */ = {isa = PBXFileReference; lastKnownFileType = sourcecode.swift; path = ScreenshotRollApp.swift; sourceTree = "<group>"; };
		0D464DBAFD253AAB925102C7 /* ScreenshotRollV2LibraryViewModel.swift */ = {isa = PBXFileReference; lastKnownFileType = sourcecode.swift; path = ScreenshotRollV2LibraryViewModel.swift; sourceTree = "<group>"; };
		1238992107E7FEB3D6F3C0C8 /* ScreenshotCategory.swift */ = {isa = PBXFileReference; lastKnownFileType = sourcecode.swift; path = ScreenshotCategory.swift; sourceTree = "<group>"; };
		1B21858586E4A217EC85A1D7 /* ScreenshotRoll.app */ = {isa = PBXFileReference; includeInIndex = 0; lastKnownFileType = wrapper.application; path = ScreenshotRoll.app; sourceTree = BUILT_PRODUCTS_DIR; };
		2551F99FE1BAB925BDDF6EDF /* ImportPipeline.swift */ = {isa = PBXFileReference; lastKnownFileType = sourcecode.swift; path = ImportPipeline.swift; sourceTree = "<group>"; };
		255E3678CE1681E552232969 /* AIExportService.swift */ = {isa = PBXFileReference; lastKnownFileType = sourcecode.swift; path = AIExportService.swift; sourceTree = "<group>"; };
		34F39B4EB0E7E4A4E88235D3 /* PhotoPickerHelpers.swift */ = {isa = PBXFileReference; lastKnownFileType = sourcecode.swift; path = PhotoPickerHelpers.swift; sourceTree = "<group>"; };
		3DBF80AC01F4B26866B6B56F /* IndexingService.swift */ = {isa = PBXFileReference; lastKnownFileType = sourcecode.swift; path = IndexingService.swift; sourceTree = "<group>"; };
		3E9B41973667F1AC2A21C789 /* ScreenshotClassifier.swift */ = {isa = PBXFileReference; lastKnownFileType = sourcecode.swift; path = ScreenshotClassifier.swift; sourceTree = "<group>"; };
		4666B6E1A1732252F82036EC /* ScreenshotRollV2App.swift */ = {isa = PBXFileReference; lastKnownFileType = sourcecode.swift; path = ScreenshotRollV2App.swift; sourceTree = "<group>"; };
		4E9F665D390F9365D2418146 /* StorePaywallView.swift */ = {isa = PBXFileReference; lastKnownFileType = sourcecode.swift; path = StorePaywallView.swift; sourceTree = "<group>"; };
		5A88821D92142B4F2D2C56C0 /* ContentClassifier.swift */ = {isa = PBXFileReference; lastKnownFileType = sourcecode.swift; path = ContentClassifier.swift; sourceTree = "<group>"; };
		5B33FA05D8AB03D90B422193 /* KnowledgeGraphService.swift */ = {isa = PBXFileReference; lastKnownFileType = sourcecode.swift; path = KnowledgeGraphService.swift; sourceTree = "<group>"; };
		5E65F66D2CD03E8A1FDBBAD2 /* LibraryView.swift */ = {isa = PBXFileReference; lastKnownFileType = sourcecode.swift; path = LibraryView.swift; sourceTree = "<group>"; };
		60FFA7D66986BB121F9704D4 /* Logging.swift */ = {isa = PBXFileReference; lastKnownFileType = sourcecode.swift; path = Logging.swift; sourceTree = "<group>"; };
		62D57036D544C5B62EA456F7 /* SettingsView.swift */ = {isa = PBXFileReference; lastKnownFileType = sourcecode.swift; path = SettingsView.swift; sourceTree = "<group>"; };
		651BDE68A4DA602FFFF4F804 /* ActionExtractionService.swift */ = {isa = PBXFileReference; lastKnownFileType = sourcecode.swift; path = ActionExtractionService.swift; sourceTree = "<group>"; };
		6D5BD28AF6A8898D5ACFDD25 /* LibraryStore.swift */ = {isa = PBXFileReference; lastKnownFileType = sourcecode.swift; path = LibraryStore.swift; sourceTree = "<group>"; };
		72068BD044140AE141F188BB /* NavigationExtensions.swift */ = {isa = PBXFileReference; lastKnownFileType = sourcecode.swift; path = NavigationExtensions.swift; sourceTree = "<group>"; };
		728B4795AC365321697748F6 /* HashingService.swift */ = {isa = PBXFileReference; lastKnownFileType = sourcecode.swift; path = HashingService.swift; sourceTree = "<group>"; };
		784321771E7C2E73795C579A /* ScreenshotRollV2DetailScreen.swift */ = {isa = PBXFileReference; lastKnownFileType = sourcecode.swift; path = ScreenshotRollV2DetailScreen.swift; sourceTree = "<group>"; };
		78E9DA9BAA8AE5D8B4872D66 /* OnboardingView.swift */ = {isa = PBXFileReference; lastKnownFileType = sourcecode.swift; path = OnboardingView.swift; sourceTree = "<group>"; };
		7C68C52348552E84F46A7CC0 /* ShareExtension.appex */ = {isa = PBXFileReference; includeInIndex = 0; lastKnownFileType = "wrapper.app-extension"; path = ShareExtension.appex; sourceTree = BUILT_PRODUCTS_DIR; };
		83BF252B09739BB22E92736A /* SharedContainer.swift */ = {isa = PBXFileReference; lastKnownFileType = sourcecode.swift; path = SharedContainer.swift; sourceTree = "<group>"; };
		8647C9BB095EDD2D5D696978 /* ContentType.swift */ = {isa = PBXFileReference; lastKnownFileType = sourcecode.swift; path = ContentType.swift; sourceTree = "<group>"; };
		887C9FEE475B0FC1D4C669E7 /* OCRClient.swift */ = {isa = PBXFileReference; lastKnownFileType = sourcecode.swift; path = OCRClient.swift; sourceTree = "<group>"; };
		8B15FE7159CD429284AFA9C5 /* PrivacyInfo.xcprivacy */ = {isa = PBXFileReference; path = PrivacyInfo.xcprivacy; sourceTree = "<group>"; };
		8C0D4585AB6D37D36D766499 /* ScreenshotInboxStore.swift */ = {isa = PBXFileReference; lastKnownFileType = sourcecode.swift; path = ScreenshotInboxStore.swift; sourceTree = "<group>"; };
		9203ACA2353F5CB8077ECB88 /* ScreenshotItem.swift */ = {isa = PBXFileReference; lastKnownFileType = sourcecode.swift; path = ScreenshotItem.swift; sourceTree = "<group>"; };
		95099FFCE2F795B64EEA6EF2 /* Accessible.swift */ = {isa = PBXFileReference; lastKnownFileType = sourcecode.swift; path = Accessible.swift; sourceTree = "<group>"; };
		9D6FD5C4709F5CE85FE995EF /* OCRTextView.swift */ = {isa = PBXFileReference; lastKnownFileType = sourcecode.swift; path = OCRTextView.swift; sourceTree = "<group>"; };
		A2908F959D49F25AE3070431 /* LocalImageViews.swift */ = {isa = PBXFileReference; lastKnownFileType = sourcecode.swift; path = LocalImageViews.swift; sourceTree = "<group>"; };
		ABC9546ACB423D158AFCD9D3 /* Asset.swift */ = {isa = PBXFileReference; lastKnownFileType = sourcecode.swift; path = Asset.swift; sourceTree = "<group>"; };
		AEFA8A3272CD6E5A98269CD1 /* TickerService.swift */ = {isa = PBXFileReference; lastKnownFileType = sourcecode.swift; path = TickerService.swift; sourceTree = "<group>"; };
		B1E3A79A8BBC1693A11AE099 /* ScreenshotRollV2.app */ = {isa = PBXFileReference; includeInIndex = 0; lastKnownFileType = wrapper.application; path = ScreenshotRollV2.app; sourceTree = BUILT_PRODUCTS_DIR; };
		B265A73FC86532729EFB6735 /* libsqlite3.tbd */ = {isa = PBXFileReference; lastKnownFileType = "sourcecode.text-based-dylib-definition"; name = libsqlite3.tbd; path = usr/lib/libsqlite3.tbd; sourceTree = SDKROOT; };
		B9F31846EDB77120AA75BE99 /* Enums.swift */ = {isa = PBXFileReference; lastKnownFileType = sourcecode.swift; path = Enums.swift; sourceTree = "<group>"; };
		BA2DDECF8D43CD90C58275EE /* StoreService.swift */ = {isa = PBXFileReference; lastKnownFileType = sourcecode.swift; path = StoreService.swift; sourceTree = "<group>"; };
		BD69B052043086029E9DB3E3 /* ScreenshotRollV2LibraryScreen.swift */ = {isa = PBXFileReference; lastKnownFileType = sourcecode.swift; path = ScreenshotRollV2LibraryScreen.swift; sourceTree = "<group>"; };
		C6273104A367BA4168417C92 /* SmartCollectionsView.swift */ = {isa = PBXFileReference; lastKnownFileType = sourcecode.swift; path = SmartCollectionsView.swift; sourceTree = "<group>"; };
		C866C6839D8EA7D60886B140 /* PrivacyInfo.xcprivacy */ = {isa = PBXFileReference; path = PrivacyInfo.xcprivacy; sourceTree = "<group>"; };
		CAB8E7773F816F69D5C09F56 /* DetailView.swift */ = {isa = PBXFileReference; lastKnownFileType = sourcecode.swift; path = DetailView.swift; sourceTree = "<group>"; };
		CAC17525342EEA0902560CF5 /* PrivacyInfo.xcprivacy */ = {isa = PBXFileReference; path = PrivacyInfo.xcprivacy; sourceTree = "<group>"; };
		CB6536C53C4FF6CBCFC944C8 /* LibraryViewModel.swift */ = {isa = PBXFileReference; lastKnownFileType = sourcecode.swift; path = LibraryViewModel.swift; sourceTree = "<group>"; };
		D31C66CEC0DDB9FAA1F85EFF /* Assets.xcassets */ = {isa = PBXFileReference; lastKnownFileType = folder.assetcatalog; path = Assets.xcassets; sourceTree = "<group>"; };
		D8AB7B081495757DD0C6F48E /* ShareViewController.swift */ = {isa = PBXFileReference; lastKnownFileType = sourcecode.swift; path = ShareViewController.swift; sourceTree = "<group>"; };
		EE0366D7D7C4C444F720204B /* OCRService.swift */ = {isa = PBXFileReference; lastKnownFileType = sourcecode.swift; path = OCRService.swift; sourceTree = "<group>"; };
		F325D545B5282CDAC8D0DCB2 /* ImportService.swift */ = {isa = PBXFileReference; lastKnownFileType = sourcecode.swift; path = ImportService.swift; sourceTree = "<group>"; };
		F3C77BDAB0309431602E0E98 /* DatabaseService.swift */ = {isa = PBXFileReference; lastKnownFileType = sourcecode.swift; path = DatabaseService.swift; sourceTree = "<group>"; };
		F448FE6503D1786BEDBF2C2B /* ShareInboxProcessor.swift */ = {isa = PBXFileReference; lastKnownFileType = sourcecode.swift; path = ShareInboxProcessor.swift; sourceTree = "<group>"; };
		F72308DF5026CBBD0AEC9F28 /* BackgroundTaskService.swift */ = {isa = PBXFileReference; lastKnownFileType = sourcecode.swift; path = BackgroundTaskService.swift; sourceTree = "<group>"; };
		F774B2793FC2EF7B5A869964 /* TaggingService.swift */ = {isa = PBXFileReference; lastKnownFileType = sourcecode.swift; path = TaggingService.swift; sourceTree = "<group>"; };
		FABA7556E5A17E3BD997F5B8 /* ScreenshotRollV2Paths.swift */ = {isa = PBXFileReference; lastKnownFileType = sourcecode.swift; path = ScreenshotRollV2Paths.swift; sourceTree = "<group>"; };
/* End PBXFileReference section */

/* Begin PBXFrameworksBuildPhase section */
		76F77C908B1DDDF935E84987 /* Frameworks */ = {
			isa = PBXFrameworksBuildPhase;
			buildActionMask = 2147483647;
			files = (
				9B202054A22DD8FEE9C03A53 /* libsqlite3.tbd in Frameworks */,
			);
			runOnlyForDeploymentPostprocessing = 0;
		};
/* End PBXFrameworksBuildPhase section */

/* Begin PBXGroup section */
		0932BC13BFFE62C8ECCD7B48 /* Services */ = {
			isa = PBXGroup;
			children = (
				F72308DF5026CBBD0AEC9F28 /* BackgroundTaskService.swift */,
				728B4795AC365321697748F6 /* HashingService.swift */,
				F325D545B5282CDAC8D0DCB2 /* ImportService.swift */,
				3DBF80AC01F4B26866B6B56F /* IndexingService.swift */,
				EE0366D7D7C4C444F720204B /* OCRService.swift */,
				34F39B4EB0E7E4A4E88235D3 /* PhotoPickerHelpers.swift */,
				F448FE6503D1786BEDBF2C2B /* ShareInboxProcessor.swift */,
				F774B2793FC2EF7B5A869964 /* TaggingService.swift */,
				AEFA8A3272CD6E5A98269CD1 /* TickerService.swift */,
				6FEF59A71B0679A93078801C /* Database */,
				9C49953D9C21E25306F995AC /* Intelligence */,
				BCC59417BBC5EB86C1617636 /* Pricing */,
			);
			path = Services;
			sourceTree = "<group>";
		};
		15A0FBB0714E47E85F0E9721 /* ViewModels */ = {
			isa = PBXGroup;
			children = (
				CB6536C53C4FF6CBCFC944C8 /* LibraryViewModel.swift */,
			);
			path = ViewModels;
			sourceTree = "<group>";
		};
		1B5135DBC0E68AAEE268C488 = {
			isa = PBXGroup;
			children = (
				C16086745B68F0661303C3EB /* ScreenshotRoll */,
				250E20918FE948061CB1E092 /* ScreenshotRollV2 */,
				5DE67FFD1F4500162394BF21 /* ShareExtension */,
				D1342F21042F4DA94E721ECA /* Frameworks */,
				522E9FFAB5BB23D9692C60C2 /* Products */,
			);
			sourceTree = "<group>";
		};
		1E2D9E87385FEFFE74EECEDB /* Views */ = {
			isa = PBXGroup;
			children = (
				CAB8E7773F816F69D5C09F56 /* DetailView.swift */,
				5E65F66D2CD03E8A1FDBBAD2 /* LibraryView.swift */,
				78E9DA9BAA8AE5D8B4872D66 /* OnboardingView.swift */,
				62D57036D544C5B62EA456F7 /* SettingsView.swift */,
				C6273104A367BA4168417C92 /* SmartCollectionsView.swift */,
				4E9F665D390F9365D2418146 /* StorePaywallView.swift */,
				8F71CE4C4E75E87A71C573F1 /* AssetDetail */,
				8626CA7E0EB4791F183C4D44 /* Components */,
			);
			path = Views;
			sourceTree = "<group>";
		};
		250E20918FE948061CB1E092 /* ScreenshotRollV2 */ = {
			isa = PBXGroup;
			children = (
				C866C6839D8EA7D60886B140 /* PrivacyInfo.xcprivacy */,
				4666B6E1A1732252F82036EC /* ScreenshotRollV2App.swift */,
				453DC6C598765708822D30F3 /* Models */,
				D250AA957C92F44162835B09 /* Services */,
				48FA0555840514023A2D10F0 /* ViewModels */,
				CF51F1644517D2A5E1231167 /* Views */,
			);
			path = ScreenshotRollV2;
			sourceTree = "<group>";
		};
		2B61BA96BAB3AB8C3CCC171D /* Models */ = {
			isa = PBXGroup;
			children = (
				ABC9546ACB423D158AFCD9D3 /* Asset.swift */,
				8647C9BB095EDD2D5D696978 /* ContentType.swift */,
				B9F31846EDB77120AA75BE99 /* Enums.swift */,
			);
			path = Models;
			sourceTree = "<group>";
		};
		453DC6C598765708822D30F3 /* Models */ = {
			isa = PBXGroup;
			children = (
				1238992107E7FEB3D6F3C0C8 /* ScreenshotCategory.swift */,
				9203ACA2353F5CB8077ECB88 /* ScreenshotItem.swift */,
			);
			path = Models;
			sourceTree = "<group>";
		};
		48FA0555840514023A2D10F0 /* ViewModels */ = {
			isa = PBXGroup;
			children = (
				0D464DBAFD253AAB925102C7 /* ScreenshotRollV2LibraryViewModel.swift */,
			);
			path = ViewModels;
			sourceTree = "<group>";
		};
		522E9FFAB5BB23D9692C60C2 /* Products */ = {
			isa = PBXGroup;
			children = (
				1B21858586E4A217EC85A1D7 /* ScreenshotRoll.app */,
				B1E3A79A8BBC1693A11AE099 /* ScreenshotRollV2.app */,
				7C68C52348552E84F46A7CC0 /* ShareExtension.appex */,
			);
			name = Products;
			sourceTree = "<group>";
		};
		5DE67FFD1F4500162394BF21 /* ShareExtension */ = {
			isa = PBXGroup;
			children = (
				8B15FE7159CD429284AFA9C5 /* PrivacyInfo.xcprivacy */,
				D8AB7B081495757DD0C6F48E /* ShareViewController.swift */,
			);
			path = ShareExtension;
			sourceTree = "<group>";
		};
		6FEF59A71B0679A93078801C /* Database */ = {
			isa = PBXGroup;
			children = (
				F3C77BDAB0309431602E0E98 /* DatabaseService.swift */,
			);
			path = Database;
			sourceTree = "<group>";
		};
		8626CA7E0EB4791F183C4D44 /* Components */ = {
			isa = PBXGroup;
			children = (
				95099FFCE2F795B64EEA6EF2 /* Accessible.swift */,
				D31C66CEC0DDB9FAA1F85EFF /* Assets.xcassets */,
				72068BD044140AE141F188BB /* NavigationExtensions.swift */,
			);
			path = Components;
			sourceTree = "<group>";
		};
		8F71CE4C4E75E87A71C573F1 /* AssetDetail */ = {
			isa = PBXGroup;
			children = (
				9D6FD5C4709F5CE85FE995EF /* OCRTextView.swift */,
			);
			path = AssetDetail;
			sourceTree = "<group>";
		};
		9C49953D9C21E25306F995AC /* Intelligence */ = {
			isa = PBXGroup;
			children = (
				651BDE68A4DA602FFFF4F804 /* ActionExtractionService.swift */,
				255E3678CE1681E552232969 /* AIExportService.swift */,
				5A88821D92142B4F2D2C56C0 /* ContentClassifier.swift */,
				5B33FA05D8AB03D90B422193 /* KnowledgeGraphService.swift */,
			);
			path = Intelligence;
			sourceTree = "<group>";
		};
		BCC59417BBC5EB86C1617636 /* Pricing */ = {
			isa = PBXGroup;
			children = (
				BA2DDECF8D43CD90C58275EE /* StoreService.swift */,
			);
			path = Pricing;
			sourceTree = "<group>";
		};
		C16086745B68F0661303C3EB /* ScreenshotRoll */ = {
			isa = PBXGroup;
			children = (
				028E64E6E44E37D7C2B3917E /* LaunchScreen.storyboard */,
				CAC17525342EEA0902560CF5 /* PrivacyInfo.xcprivacy */,
				0B716690A2EE5DA2154EBE03 /* ScreenshotRollApp.swift */,
				2B61BA96BAB3AB8C3CCC171D /* Models */,
				0932BC13BFFE62C8ECCD7B48 /* Services */,
				EEB6E4C2F1948AE3A3A80684 /* Shared */,
				15A0FBB0714E47E85F0E9721 /* ViewModels */,
				1E2D9E87385FEFFE74EECEDB /* Views */,
			);
			path = ScreenshotRoll;
			sourceTree = "<group>";
		};
		CF51F1644517D2A5E1231167 /* Views */ = {
			isa = PBXGroup;
			children = (
				A2908F959D49F25AE3070431 /* LocalImageViews.swift */,
				784321771E7C2E73795C579A /* ScreenshotRollV2DetailScreen.swift */,
				BD69B052043086029E9DB3E3 /* ScreenshotRollV2LibraryScreen.swift */,
			);
			path = Views;
			sourceTree = "<group>";
		};
		D1342F21042F4DA94E721ECA /* Frameworks */ = {
			isa = PBXGroup;
			children = (
				B265A73FC86532729EFB6735 /* libsqlite3.tbd */,
			);
			name = Frameworks;
			sourceTree = "<group>";
		};
		D250AA957C92F44162835B09 /* Services */ = {
			isa = PBXGroup;
			children = (
				046A085C3DE49FB8C6A8EE77 /* ImageFingerprint.swift */,
				2551F99FE1BAB925BDDF6EDF /* ImportPipeline.swift */,
				6D5BD28AF6A8898D5ACFDD25 /* LibraryStore.swift */,
				887C9FEE475B0FC1D4C669E7 /* OCRClient.swift */,
				3E9B41973667F1AC2A21C789 /* ScreenshotClassifier.swift */,
				FABA7556E5A17E3BD997F5B8 /* ScreenshotRollV2Paths.swift */,
			);
			path = Services;
			sourceTree = "<group>";
		};
		EEB6E4C2F1948AE3A3A80684 /* Shared */ = {
			isa = PBXGroup;
			children = (
				60FFA7D66986BB121F9704D4 /* Logging.swift */,
				8C0D4585AB6D37D36D766499 /* ScreenshotInboxStore.swift */,
				83BF252B09739BB22E92736A /* SharedContainer.swift */,
			);
			path = Shared;
			sourceTree = "<group>";
		};
/* End PBXGroup section */

/* Begin PBXNativeTarget section */
		101BA40837BA3E3C27A6F202 /* ScreenshotRollV2 */ = {
			isa = PBXNativeTarget;
			buildConfigurationList = 7453E7176668103ADC8B6B0C /* Build configuration list for PBXNativeTarget "ScreenshotRollV2" */;
			buildPhases = (
				125E5C07912D29294E107BCD /* Sources */,
				29024DC421A95DA4ABE9FDFD /* Resources */,
			);
			buildRules = (
			);
			dependencies = (
			);
			name = ScreenshotRollV2;
			packageProductDependencies = (
			);
			productName = ScreenshotRollV2;
			productReference = B1E3A79A8BBC1693A11AE099 /* ScreenshotRollV2.app */;
			productType = "com.apple.product-type.application";
		};
		66AD443D51F4D1D77E994382 /* ScreenshotRoll */ = {
			isa = PBXNativeTarget;
			buildConfigurationList = 93CE9FF803E3B9B072FF8498 /* Build configuration list for PBXNativeTarget "ScreenshotRoll" */;
			buildPhases = (
				CA7E0BFB775D7DCFB289C9EF /* Sources */,
				D0B35C4A152E10D92A80E368 /* Resources */,
				76F77C908B1DDDF935E84987 /* Frameworks */,
				602E4A9F1DBD6941B0A5A01B /* Embed Foundation Extensions */,
			);
			buildRules = (
			);
			dependencies = (
				C6018986C38DFB6F7FE5C5E1 /* PBXTargetDependency */,
			);
			name = ScreenshotRoll;
			packageProductDependencies = (
			);
			productName = ScreenshotRoll;
			productReference = 1B21858586E4A217EC85A1D7 /* ScreenshotRoll.app */;
			productType = "com.apple.product-type.application";
		};
		DA2B694140690ADD93C7E245 /* ShareExtension */ = {
			isa = PBXNativeTarget;
			buildConfigurationList = 48ABF8F13AD590DEEB051438 /* Build configuration list for PBXNativeTarget "ShareExtension" */;
			buildPhases = (
				50F29E028D95C1AE4B7CCFFB /* Sources */,
				F390AEFF0D85A8E32F5AE809 /* Resources */,
			);
			buildRules = (
			);
			dependencies = (
			);
			name = ShareExtension;
			packageProductDependencies = (
			);
			productName = ShareExtension;
			productReference = 7C68C52348552E84F46A7CC0 /* ShareExtension.appex */;
			productType = "com.apple.product-type.app-extension";
		};
/* End PBXNativeTarget section */

/* Begin PBXProject section */
		EF2975BDD179F48C776C0305 /* Project object */ = {
			isa = PBXProject;
			attributes = {
				BuildIndependentTargetsInParallel = YES;
				LastUpgradeCheck = 1430;
				TargetAttributes = {
					101BA40837BA3E3C27A6F202 = {
						DevelopmentTeam = RPKMKV2TZ6;
						ProvisioningStyle = Automatic;
					};
					66AD443D51F4D1D77E994382 = {
						DevelopmentTeam = RPKMKV2TZ6;
						ProvisioningStyle = Automatic;
					};
					DA2B694140690ADD93C7E245 = {
						DevelopmentTeam = RPKMKV2TZ6;
						ProvisioningStyle = Automatic;
					};
				};
			};
			buildConfigurationList = 7B8B21DFB4AB2D87FA4512A6 /* Build configuration list for PBXProject "ScreenshotRoll" */;
			developmentRegion = en;
			hasScannedForEncodings = 0;
			knownRegions = (
				Base,
				en,
			);
			mainGroup = 1B5135DBC0E68AAEE268C488;
			minimizedProjectReferenceProxies = 1;
			preferredProjectObjectVersion = 77;
			productRefGroup = 522E9FFAB5BB23D9692C60C2 /* Products */;
			projectDirPath = "";
			projectRoot = "";
			targets = (
				66AD443D51F4D1D77E994382 /* ScreenshotRoll */,
				101BA40837BA3E3C27A6F202 /* ScreenshotRollV2 */,
				DA2B694140690ADD93C7E245 /* ShareExtension */,
			);
		};
/* End PBXProject section */

/* Begin PBXResourcesBuildPhase section */
		29024DC421A95DA4ABE9FDFD /* Resources */ = {
			isa = PBXResourcesBuildPhase;
			buildActionMask = 2147483647;
			files = (
				B800D20B131E0AE6600AC27C /* Assets.xcassets in Resources */,
				F7AF662B879F9294232C1A2C /* LaunchScreen.storyboard in Resources */,
				10923250EEBFDDC343344B44 /* PrivacyInfo.xcprivacy in Resources */,
			);
			runOnlyForDeploymentPostprocessing = 0;
		};
		D0B35C4A152E10D92A80E368 /* Resources */ = {
			isa = PBXResourcesBuildPhase;
			buildActionMask = 2147483647;
			files = (
				D4A00DDB334A49C55B77B6B6 /* Assets.xcassets in Resources */,
				06B72E8E2BF39BD226EECFFA /* LaunchScreen.storyboard in Resources */,
				532D81639B30959A831067CB /* PrivacyInfo.xcprivacy in Resources */,
			);
			runOnlyForDeploymentPostprocessing = 0;
		};
		F390AEFF0D85A8E32F5AE809 /* Resources */ = {
			isa = PBXResourcesBuildPhase;
			buildActionMask = 2147483647;
			files = (
				81B1798A7B787207278250EC /* PrivacyInfo.xcprivacy in Resources */,
			);
			runOnlyForDeploymentPostprocessing = 0;
		};
/* End PBXResourcesBuildPhase section */

/* Begin PBXSourcesBuildPhase section */
		125E5C07912D29294E107BCD /* Sources */ = {
			isa = PBXSourcesBuildPhase;
			buildActionMask = 2147483647;
			files = (
				A986B8EC438DDAC93597E48F /* ImageFingerprint.swift in Sources */,
				9AAF5CF51CA3E51E698F86EC /* ImportPipeline.swift in Sources */,
				3D2707E62E24891C2828CAAA /* LibraryStore.swift in Sources */,
				509959F67177E00D0D6DDEAD /* LocalImageViews.swift in Sources */,
				AFDE5A3F12E43A021C2E6C71 /* OCRClient.swift in Sources */,
				AFCAB8270CE2A0D2D2B8B8A8 /* ScreenshotCategory.swift in Sources */,
				A6051C890C158A45FFB5890F /* ScreenshotClassifier.swift in Sources */,
				A1342F5604F532BBD9837DB2 /* ScreenshotItem.swift in Sources */,
				EF16DA6C785DD091CA6872DE /* ScreenshotRollV2App.swift in Sources */,
				92C3B24FE9D776C8C092114C /* ScreenshotRollV2DetailScreen.swift in Sources */,
				CF631FDE486B2DC85F5AD0B2 /* ScreenshotRollV2LibraryScreen.swift in Sources */,
				77DDDB07F6B53090AE36100D /* ScreenshotRollV2LibraryViewModel.swift in Sources */,
				3AFAF6EF0D6AFAE71027F6DE /* ScreenshotRollV2Paths.swift in Sources */,
			);
			runOnlyForDeploymentPostprocessing = 0;
		};
		50F29E028D95C1AE4B7CCFFB /* Sources */ = {
			isa = PBXSourcesBuildPhase;
			buildActionMask = 2147483647;
			files = (
				D1282A892AFA737E5CDD60BB /* ScreenshotInboxStore.swift in Sources */,
				E56B2A19E98031156453DD0D /* ShareViewController.swift in Sources */,
				6D0C4E860BED172A9FBDD111 /* SharedContainer.swift in Sources */,
			);
			runOnlyForDeploymentPostprocessing = 0;
		};
		CA7E0BFB775D7DCFB289C9EF /* Sources */ = {
			isa = PBXSourcesBuildPhase;
			buildActionMask = 2147483647;
			files = (
				4599A903B34FB68DA64D3D9F /* AIExportService.swift in Sources */,
				AA4C485FDF5E2F474D69BCA3 /* Accessible.swift in Sources */,
				8EEFD037FE17936B37B6E379 /* ActionExtractionService.swift in Sources */,
				7FD8D9743B3C9C12282390BF /* Asset.swift in Sources */,
				5D2BBA5D5F2EB07327A509E5 /* BackgroundTaskService.swift in Sources */,
				70845366D3DED18B6F39FD6C /* ContentClassifier.swift in Sources */,
				A2F70FB5C0BF68E969B24235 /* ContentType.swift in Sources */,
				5561CF8B0AC18F21C5C7F933 /* DatabaseService.swift in Sources */,
				61D2ACDCD2BCE72998422FF4 /* DetailView.swift in Sources */,
				1512B4D80392015A10F10530 /* Enums.swift in Sources */,
				7F3274B5DFC0F2913852F0AF /* HashingService.swift in Sources */,
				BF7533A619364B7729BED75E /* ImportService.swift in Sources */,
				F18A342E54954FBD127B23BA /* IndexingService.swift in Sources */,
				DA7C62F235D63A21509F169A /* KnowledgeGraphService.swift in Sources */,
				61D3ABE76BD9A98F980F6858 /* LibraryView.swift in Sources */,
				A7C7F32D7EA746FDFEE80C64 /* LibraryViewModel.swift in Sources */,
				4421116F41FA0E908D6B6619 /* Logging.swift in Sources */,
				87EFCB76CF276A3F4232B41A /* NavigationExtensions.swift in Sources */,
				1A076EE388023DE20D36D0E0 /* OCRService.swift in Sources */,
				CCB597B9EE7CC1BE95D3E3A2 /* OCRTextView.swift in Sources */,
				772480740FC8858548D0BFE6 /* OnboardingView.swift in Sources */,
				99C22D339701266381E70A80 /* PhotoPickerHelpers.swift in Sources */,
				96FE9E96EB6B2A4A2FC52B53 /* ScreenshotInboxStore.swift in Sources */,
				3987B39390610AF608248867 /* ScreenshotRollApp.swift in Sources */,
				E1B22ACA586CA2B91F80411B /* SettingsView.swift in Sources */,
				2BDA92D29C0B82CF40674D44 /* ShareInboxProcessor.swift in Sources */,
				1F79412E61F74C6EAAEF5EFD /* SharedContainer.swift in Sources */,
				83BD97CD203CFA9262CD4CB4 /* SmartCollectionsView.swift in Sources */,
				86F0AA2946971343405996C1 /* StorePaywallView.swift in Sources */,
				9727CEF72A25438719DF09A3 /* StoreService.swift in Sources */,
				2E13240931931584BD2201A4 /* TaggingService.swift in Sources */,
				0709E763141B0AC81C6F539C /* TickerService.swift in Sources */,
			);
			runOnlyForDeploymentPostprocessing = 0;
		};
/* End PBXSourcesBuildPhase section */

/* Begin PBXTargetDependency section */
		C6018986C38DFB6F7FE5C5E1 /* PBXTargetDependency */ = {
			isa = PBXTargetDependency;
			target = DA2B694140690ADD93C7E245 /* ShareExtension */;
			targetProxy = 82CD73B808C2B8823DDF8DB0 /* PBXContainerItemProxy */;
		};
/* End PBXTargetDependency section */

/* Begin XCBuildConfiguration section */
		0862F6367C92BEEB2D8361FF /* Debug */ = {
			isa = XCBuildConfiguration;
			buildSettings = {
				APPLICATION_EXTENSION_API_ONLY = YES;
				CODE_SIGN_ENTITLEMENTS = ShareExtension/ShareExtension.entitlements;
				INFOPLIST_FILE = ShareExtension/Info.plist;
				IPHONEOS_DEPLOYMENT_TARGET = 16.0;
				LD_RUNPATH_SEARCH_PATHS = (
					"$(inherited)",
					"@executable_path/Frameworks",
					"@executable_path/../../Frameworks",
				);
				PRODUCT_BUNDLE_IDENTIFIER = com.tonyv2289.screenshotroll.share;
				SDKROOT = iphoneos;
				TARGETED_DEVICE_FAMILY = "1,2";
			};
			name = Debug;
		};
		1808F41FBC7BEE73CC94A735 /* Release */ = {
			isa = XCBuildConfiguration;
			buildSettings = {
				ASSETCATALOG_COMPILER_APPICON_NAME = AppIcon;
				CODE_SIGN_ENTITLEMENTS = ScreenshotRoll/ScreenshotRoll.entitlements;
				CODE_SIGN_IDENTITY = "iPhone Developer";
				INFOPLIST_FILE = ScreenshotRoll/Info.plist;
				IPHONEOS_DEPLOYMENT_TARGET = 16.0;
				LD_RUNPATH_SEARCH_PATHS = (
					"$(inherited)",
					"@executable_path/Frameworks",
				);
				PRODUCT_BUNDLE_IDENTIFIER = com.tonyv2289.screenshotroll;
				SDKROOT = iphoneos;
				TARGETED_DEVICE_FAMILY = "1,2";
			};
			name = Release;
		};
		300278CD7279306843F13839 /* Debug */ = {
			isa = XCBuildConfiguration;
			buildSettings = {
				ALWAYS_SEARCH_USER_PATHS = NO;
				CLANG_ANALYZER_NONNULL = YES;
				CLANG_ANALYZER_NUMBER_OBJECT_CONVERSION = YES_AGGRESSIVE;
				CLANG_CXX_LANGUAGE_STANDARD = "gnu++14";
				CLANG_CXX_LIBRARY = "libc++";
				CLANG_ENABLE_MODULES = YES;
				CLANG_ENABLE_OBJC_ARC = YES;
				CLANG_ENABLE_OBJC_WEAK = YES;
				CLANG_WARN_BLOCK_CAPTURE_AUTORELEASING = YES;
				CLANG_WARN_BOOL_CONVERSION = YES;
				CLANG_WARN_COMMA = YES;
				CLANG_WARN_CONSTANT_CONVERSION = YES;
				CLANG_WARN_DEPRECATED_OBJC_IMPLEMENTATIONS = YES;
				CLANG_WARN_DIRECT_OBJC_ISA_USAGE = YES_ERROR;
				CLANG_WARN_DOCUMENTATION_COMMENTS = YES;
				CLANG_WARN_EMPTY_BODY = YES;
				CLANG_WARN_ENUM_CONVERSION = YES;
				CLANG_WARN_INFINITE_RECURSION = YES;
				CLANG_WARN_INT_CONVERSION = YES;
				CLANG_WARN_NON_LITERAL_NULL_CONVERSION = YES;
				CLANG_WARN_OBJC_IMPLICIT_RETAIN_SELF = YES;
				CLANG_WARN_OBJC_LITERAL_CONVERSION = YES;
				CLANG_WARN_OBJC_ROOT_CLASS = YES_ERROR;
				CLANG_WARN_QUOTED_INCLUDE_IN_FRAMEWORK_HEADER = YES;
				CLANG_WARN_RANGE_LOOP_ANALYSIS = YES;
				CLANG_WARN_STRICT_PROTOTYPES = YES;
				CLANG_WARN_SUSPICIOUS_MOVE = YES;
				CLANG_WARN_UNGUARDED_AVAILABILITY = YES_AGGRESSIVE;
				CLANG_WARN_UNREACHABLE_CODE = YES;
				CLANG_WARN__DUPLICATE_METHOD_MATCH = YES;
				CODE_SIGN_STYLE = Automatic;
				COPY_PHASE_STRIP = NO;
				CURRENT_PROJECT_VERSION = 3;
				DEBUG_INFORMATION_FORMAT = dwarf;
				DEVELOPMENT_TEAM = RPKMKV2TZ6;
				ENABLE_STRICT_OBJC_MSGSEND = YES;
				ENABLE_TESTABILITY = YES;
				GCC_C_LANGUAGE_STANDARD = gnu11;
				GCC_DYNAMIC_NO_PIC = NO;
				GCC_NO_COMMON_BLOCKS = YES;
				GCC_OPTIMIZATION_LEVEL = 0;
				GCC_PREPROCESSOR_DEFINITIONS = (
					"$(inherited)",
					"DEBUG=1",
				);
				GCC_WARN_64_TO_32_BIT_CONVERSION = YES;
				GCC_WARN_ABOUT_RETURN_TYPE = YES_ERROR;
				GCC_WARN_UNDECLARED_SELECTOR = YES;
				GCC_WARN_UNINITIALIZED_AUTOS = YES_AGGRESSIVE;
				GCC_WARN_UNUSED_FUNCTION = YES;
				GCC_WARN_UNUSED_VARIABLE = YES;
				IPHONEOS_DEPLOYMENT_TARGET = 16.0;
				MARKETING_VERSION = 1.0;
				MTL_ENABLE_DEBUG_INFO = INCLUDE_SOURCE;
				MTL_FAST_MATH = YES;
				ONLY_ACTIVE_ARCH = YES;
				PRODUCT_NAME = "$(TARGET_NAME)";
				SDKROOT = iphoneos;
				SWIFT_ACTIVE_COMPILATION_CONDITIONS = DEBUG;
				SWIFT_OPTIMIZATION_LEVEL = "-Onone";
				SWIFT_VERSION = 5.9;
				TARGETED_DEVICE_FAMILY = "1,2";
			};
			name = Debug;
		};
		490AEE91D6071A5E7305A4E7 /* Debug */ = {
			isa = XCBuildConfiguration;
			buildSettings = {
				ASSETCATALOG_COMPILER_APPICON_NAME = AppIcon;
				CODE_SIGN_ENTITLEMENTS = ScreenshotRoll/ScreenshotRoll.entitlements;
				CODE_SIGN_IDENTITY = "iPhone Developer";
				INFOPLIST_FILE = ScreenshotRoll/Info.plist;
				IPHONEOS_DEPLOYMENT_TARGET = 16.0;
				LD_RUNPATH_SEARCH_PATHS = (
					"$(inherited)",
					"@executable_path/Frameworks",
				);
				PRODUCT_BUNDLE_IDENTIFIER = com.tonyv2289.screenshotroll;
				SDKROOT = iphoneos;
				TARGETED_DEVICE_FAMILY = "1,2";
			};
			name = Debug;
		};
		49796DDA2B662BE7ADAFFF36 /* Release */ = {
			isa = XCBuildConfiguration;
			buildSettings = {
				ASSETCATALOG_COMPILER_APPICON_NAME = AppIcon;
				CODE_SIGN_IDENTITY = "iPhone Developer";
				INFOPLIST_FILE = ScreenshotRollV2/Info.plist;
				IPHONEOS_DEPLOYMENT_TARGET = 16.0;
				LD_RUNPATH_SEARCH_PATHS = (
					"$(inherited)",
					"@executable_path/Frameworks",
				);
				PRODUCT_BUNDLE_IDENTIFIER = com.tonyv2289.screenshotroll.v2;
				SDKROOT = iphoneos;
				TARGETED_DEVICE_FAMILY = "1,2";
			};
			name = Release;
		};
		570B8EB5382284B0A1FCD567 /* Release */ = {
			isa = XCBuildConfiguration;
			buildSettings = {
				APPLICATION_EXTENSION_API_ONLY = YES;
				CODE_SIGN_ENTITLEMENTS = ShareExtension/ShareExtension.entitlements;
				INFOPLIST_FILE = ShareExtension/Info.plist;
				IPHONEOS_DEPLOYMENT_TARGET = 16.0;
				LD_RUNPATH_SEARCH_PATHS = (
					"$(inherited)",
					"@executable_path/Frameworks",
					"@executable_path/../../Frameworks",
				);
				PRODUCT_BUNDLE_IDENTIFIER = com.tonyv2289.screenshotroll.share;
				SDKROOT = iphoneos;
				TARGETED_DEVICE_FAMILY = "1,2";
			};
			name = Release;
		};
		A1F53B9581F6D1830AF528E1 /* Debug */ = {
			isa = XCBuildConfiguration;
			buildSettings = {
				ASSETCATALOG_COMPILER_APPICON_NAME = AppIcon;
				CODE_SIGN_IDENTITY = "iPhone Developer";
				INFOPLIST_FILE = ScreenshotRollV2/Info.plist;
				IPHONEOS_DEPLOYMENT_TARGET = 16.0;
				LD_RUNPATH_SEARCH_PATHS = (
					"$(inherited)",
					"@executable_path/Frameworks",
				);
				PRODUCT_BUNDLE_IDENTIFIER = com.tonyv2289.screenshotroll.v2;
				SDKROOT = iphoneos;
				TARGETED_DEVICE_FAMILY = "1,2";
			};
			name = Debug;
		};
		D6AE1831F2262B0A6382035D /* Release */ = {
			isa = XCBuildConfiguration;
			buildSettings = {
				ALWAYS_SEARCH_USER_PATHS = NO;
				CLANG_ANALYZER_NONNULL = YES;
				CLANG_ANALYZER_NUMBER_OBJECT_CONVERSION = YES_AGGRESSIVE;
				CLANG_CXX_LANGUAGE_STANDARD = "gnu++14";
				CLANG_CXX_LIBRARY = "libc++";
				CLANG_ENABLE_MODULES = YES;
				CLANG_ENABLE_OBJC_ARC = YES;
				CLANG_ENABLE_OBJC_WEAK = YES;
				CLANG_WARN_BLOCK_CAPTURE_AUTORELEASING = YES;
				CLANG_WARN_BOOL_CONVERSION = YES;
				CLANG_WARN_COMMA = YES;
				CLANG_WARN_CONSTANT_CONVERSION = YES;
				CLANG_WARN_DEPRECATED_OBJC_IMPLEMENTATIONS = YES;
				CLANG_WARN_DIRECT_OBJC_ISA_USAGE = YES_ERROR;
				CLANG_WARN_DOCUMENTATION_COMMENTS = YES;
				CLANG_WARN_EMPTY_BODY = YES;
				CLANG_WARN_ENUM_CONVERSION = YES;
				CLANG_WARN_INFINITE_RECURSION = YES;
				CLANG_WARN_INT_CONVERSION = YES;
				CLANG_WARN_NON_LITERAL_NULL_CONVERSION = YES;
				CLANG_WARN_OBJC_IMPLICIT_RETAIN_SELF = YES;
				CLANG_WARN_OBJC_LITERAL_CONVERSION = YES;
				CLANG_WARN_OBJC_ROOT_CLASS = YES_ERROR;
				CLANG_WARN_QUOTED_INCLUDE_IN_FRAMEWORK_HEADER = YES;
				CLANG_WARN_RANGE_LOOP_ANALYSIS = YES;
				CLANG_WARN_STRICT_PROTOTYPES = YES;
				CLANG_WARN_SUSPICIOUS_MOVE = YES;
				CLANG_WARN_UNGUARDED_AVAILABILITY = YES_AGGRESSIVE;
				CLANG_WARN_UNREACHABLE_CODE = YES;
				CLANG_WARN__DUPLICATE_METHOD_MATCH = YES;
				CODE_SIGN_STYLE = Automatic;
				COPY_PHASE_STRIP = NO;
				CURRENT_PROJECT_VERSION = 3;
				DEBUG_INFORMATION_FORMAT = "dwarf-with-dsym";
				DEVELOPMENT_TEAM = RPKMKV2TZ6;
				ENABLE_NS_ASSERTIONS = NO;
				ENABLE_STRICT_OBJC_MSGSEND = YES;
				GCC_C_LANGUAGE_STANDARD = gnu11;
				GCC_NO_COMMON_BLOCKS = YES;
				GCC_WARN_64_TO_32_BIT_CONVERSION = YES;
				GCC_WARN_ABOUT_RETURN_TYPE = YES_ERROR;
				GCC_WARN_UNDECLARED_SELECTOR = YES;
				GCC_WARN_UNINITIALIZED_AUTOS = YES_AGGRESSIVE;
				GCC_WARN_UNUSED_FUNCTION = YES;
				GCC_WARN_UNUSED_VARIABLE = YES;
				IPHONEOS_DEPLOYMENT_TARGET = 16.0;
				MARKETING_VERSION = 1.0;
				MTL_ENABLE_DEBUG_INFO = NO;
				MTL_FAST_MATH = YES;
				PRODUCT_NAME = "$(TARGET_NAME)";
				SDKROOT = iphoneos;
				SWIFT_COMPILATION_MODE = wholemodule;
				SWIFT_OPTIMIZATION_LEVEL = "-O";
				SWIFT_VERSION = 5.9;
				TARGETED_DEVICE_FAMILY = "1,2";
			};
			name = Release;
		};
/* End XCBuildConfiguration section */

/* Begin XCConfigurationList section */
		48ABF8F13AD590DEEB051438 /* Build configuration list for PBXNativeTarget "ShareExtension" */ = {
			isa = XCConfigurationList;
			buildConfigurations = (
				0862F6367C92BEEB2D8361FF /* Debug */,
				570B8EB5382284B0A1FCD567 /* Release */,
			);
			defaultConfigurationIsVisible = 0;
			defaultConfigurationName = Debug;
		};
		7453E7176668103ADC8B6B0C /* Build configuration list for PBXNativeTarget "ScreenshotRollV2" */ = {
			isa = XCConfigurationList;
			buildConfigurations = (
				A1F53B9581F6D1830AF528E1 /* Debug */,
				49796DDA2B662BE7ADAFFF36 /* Release */,
			);
			defaultConfigurationIsVisible = 0;
			defaultConfigurationName = Debug;
		};
		7B8B21DFB4AB2D87FA4512A6 /* Build configuration list for PBXProject "ScreenshotRoll" */ = {
			isa = XCConfigurationList;
			buildConfigurations = (
				300278CD7279306843F13839 /* Debug */,
				D6AE1831F2262B0A6382035D /* Release */,
			);
			defaultConfigurationIsVisible = 0;
			defaultConfigurationName = Debug;
		};
		93CE9FF803E3B9B072FF8498 /* Build configuration list for PBXNativeTarget "ScreenshotRoll" */ = {
			isa = XCConfigurationList;
			buildConfigurations = (
				490AEE91D6071A5E7305A4E7 /* Debug */,
				1808F41FBC7BEE73CC94A735 /* Release */,
			);
			defaultConfigurationIsVisible = 0;
			defaultConfigurationName = Debug;
		};
/* End XCConfigurationList section */
	};
	rootObject = EF2975BDD179F48C776C0305 /* Project object */;
}
